
Microsoft Visual Studio Solution File, Format Version 12.00
# Visual Studio 2012
Project("{FAE04EC0-301F-11D3-BF4B-00C04F79EFBC}") = "Hash", "Hash\Hash.csproj", "{BCA8CD01-A6E9-4B8E-B954-D81818E729FA}"
EndProject
Global
	GlobalSection(SolutionConfigurationPlatforms) = preSolution
		Debug|Any CPU = Debug|Any CPU
		Release|Any CPU = Release|Any CPU
	EndGlobalSection
	GlobalSection(ProjectConfigurationPlatforms) = postSolution
		{BCA8CD01-A6E9-4B8E-B954-D81818E729FA}.Debug|Any CPU.ActiveCfg = Debug|Any CPU
		{BCA8CD01-A6E9-4B8E-B954-D81818E729FA}.Debug|Any CPU.Build.0 = Debug|Any CPU
		{BCA8CD01-A6E9-4B8E-B954-D81818E729FA}.Release|Any CPU.ActiveCfg = Release|Any CPU
		{BCA8CD01-A6E9-4B8E-B954-D81818E729FA}.Release|Any CPU.Build.0 = Release|Any CPU
	EndGlobalSection
	GlobalSection(SolutionProperties) = preSolution
		HideSolutionNode = FALSE
	EndGlobalSection
EndGlobal
